PODS:
  - DialCountries (0.1.3)
  - EliteOTPField (0.1.3)

DEPENDENCIES:
  - DialCountries
  - EliteOTPField

SPEC REPOS:
  trunk:
    - DialCountries
    - EliteOTPField

SPEC CHECKSUMS:
  DialCountries: 098cb20d88eba888dcc0474060694b545fb36ce1
  EliteOTPField: 40f227886c6c9601f714f301b2a2c23bb92c8be0

PODFILE CHECKSUM: a42f8054c5853498ad903d25ab06df00bd284f8c

COCOAPODS: 1.15.0
