PODS:
  - Alamofire (5.8.1)
  - DialCountries (0.1.3)
  - EliteOTPField (0.1.3)
  - IQKeyboardManagerSwift (7.0.2)
  - Moya (15.0.0):
    - Moya/Core (= 15.0.0)
  - Moya/Core (15.0.0):
    - Alamofire (~> 5.0)
  - QRCodeReader.swift (10.1.0)
  - SDWebImage (5.19.2):
    - SDWebImage/Core (= 5.19.2)
  - SDWebImage/Core (5.19.2)

DEPENDENCIES:
  - DialCountries
  - EliteOTPField
  - IQKeyboardManagerSwift
  - Moya (~> 15.0)
  - QRCodeReader.swift (~> 10.1.0)
  - SDWebImage (~> 5.0)

SPEC REPOS:
  trunk:
    - Alamofire
    - DialCountries
    - EliteOTPField
    - IQKeyboardManagerSwift
    - Moya
    - QRCodeReader.swift
    - SDWebImage

SPEC CHECKSUMS:
  Alamofire: 3ca42e259043ee0dc5c0cdd76c4bc568b8e42af7
  DialCountries: 098cb20d88eba888dcc0474060694b545fb36ce1
  EliteOTPField: 40f227886c6c9601f714f301b2a2c23bb92c8be0
  IQKeyboardManagerSwift: d338c11a896e9f29603443700c4567e32f830c22
  Moya: 138f0573e53411fb3dc17016add0b748dfbd78ee
  QRCodeReader.swift: 373a389fe9a22d513c879a32a6f647c58f4ef572
  SDWebImage: dfe95b2466a9823cf9f0c6d01217c06550d7b29a

PODFILE CHECKSUM: 2ca1af07f44c8b6b456a6054d981e0995b7167c9

COCOAPODS: 1.15.2
