// !$*UTF8*$!
{
	archiveVersion = 1;
	classes = {
	};
	objectVersion = 56;
	objects = {

/* Begin PBXBuildFile section */
		4B0AEEA1A8761E9245E3412F /* Pods_Rabble_HubTests.framework in Frameworks */ = {isa = PBXBuildFile; fileRef = CCDD4D1F3F5AA5E6E3CCB332 /* Pods_Rabble_HubTests.framework */; };
		8617C4D22BD0CE9B007A0BA6 /* SetupTeamSuccessViewController.swift in Sources */ = {isa = PBXBuildFile; fileRef = 8617C4D12BD0CE9B007A0BA6 /* SetupTeamSuccessViewController.swift */; };
		8617C4D52BD0D9CE007A0BA6 /* CustomerCollectionView.storyboard in Resources */ = {isa = PBXBuildFile; fileRef = 8617C4D42BD0D9CE007A0BA6 /* CustomerCollectionView.storyboard */; };
		8617C4D72BD0DA50007A0BA6 /* CustomerCollectionListViewController.swift in Sources */ = {isa = PBXBuildFile; fileRef = 8617C4D62BD0DA50007A0BA6 /* CustomerCollectionListViewController.swift */; };
		8617C4D92BD0E706007A0BA6 /* CustomerCollectionTableViewCell.swift in Sources */ = {isa = PBXBuildFile; fileRef = 8617C4D82BD0E706007A0BA6 /* CustomerCollectionTableViewCell.swift */; };
		86A60DB62BCCEE3200496390 /* AppDelegate.swift in Sources */ = {isa = PBXBuildFile; fileRef = 86A60DB52BCCEE3200496390 /* AppDelegate.swift */; };
		86A60DB82BCCEE3200496390 /* SceneDelegate.swift in Sources */ = {isa = PBXBuildFile; fileRef = 86A60DB72BCCEE3200496390 /* SceneDelegate.swift */; };
		86A60DBA2BCCEE3200496390 /* ViewController.swift in Sources */ = {isa = PBXBuildFile; fileRef = 86A60DB92BCCEE3200496390 /* ViewController.swift */; };
		86A60DBD2BCCEE3200496390 /* Base in Resources */ = {isa = PBXBuildFile; fileRef = 86A60DBC2BCCEE3200496390 /* Base */; };
		86A60DBF2BCCEE3400496390 /* Assets.xcassets in Resources */ = {isa = PBXBuildFile; fileRef = 86A60DBE2BCCEE3400496390 /* Assets.xcassets */; };
		86A60DC22BCCEE3400496390 /* Base in Resources */ = {isa = PBXBuildFile; fileRef = 86A60DC12BCCEE3400496390 /* Base */; };
		86A60DCD2BCCEE3500496390 /* Rabble_PartnerTests.swift in Sources */ = {isa = PBXBuildFile; fileRef = 86A60DCC2BCCEE3500496390 /* Rabble_PartnerTests.swift */; };
		86A60DD72BCCEE3500496390 /* Rabble_PartnerUITests.swift in Sources */ = {isa = PBXBuildFile; fileRef = 86A60DD62BCCEE3500496390 /* Rabble_PartnerUITests.swift */; };
		86A60DD92BCCEE3500496390 /* Rabble_PartnerUITestsLaunchTests.swift in Sources */ = {isa = PBXBuildFile; fileRef = 86A60DD82BCCEE3500496390 /* Rabble_PartnerUITestsLaunchTests.swift */; };
		86A60DEA2BCCEEF500496390 /* Constants.swift in Sources */ = {isa = PBXBuildFile; fileRef = 86A60DE92BCCEEF500496390 /* Constants.swift */; };
		86A60DEE2BCCEF7600496390 /* SignUpView.storyboard in Resources */ = {isa = PBXBuildFile; fileRef = 86A60DED2BCCEF7600496390 /* SignUpView.storyboard */; };
		86A60DF02BCCEF8C00496390 /* SignUpViewController.swift in Sources */ = {isa = PBXBuildFile; fileRef = 86A60DEF2BCCEF8C00496390 /* SignUpViewController.swift */; };
		86A60DF82BCCF8C200496390 /* OnboardingView.storyboard in Resources */ = {isa = PBXBuildFile; fileRef = 86A60DF72BCCF8C200496390 /* OnboardingView.storyboard */; };
		86A60E052BCE0EFD00496390 /* SignUpStepIndicatorViewController.swift in Sources */ = {isa = PBXBuildFile; fileRef = AC52AB692BCD656100DB8135 /* SignUpStepIndicatorViewController.swift */; };
		86A60E072BCE0F5A00496390 /* MobileInputViewController.swift in Sources */ = {isa = PBXBuildFile; fileRef = 86A60E062BCE0F5A00496390 /* MobileInputViewController.swift */; };
		86A60E0B2BCE2F5C00496390 /* OtpInputViewController.swift in Sources */ = {isa = PBXBuildFile; fileRef = 86A60E0A2BCE2F5C00496390 /* OtpInputViewController.swift */; };
		86C0F5CE2BCFA2F700B78747 /* ProducersListView.storyboard in Resources */ = {isa = PBXBuildFile; fileRef = 86C0F5CD2BCFA2F700B78747 /* ProducersListView.storyboard */; };
		86C0F5D12BCFA30D00B78747 /* ProducersListViewController.swift in Sources */ = {isa = PBXBuildFile; fileRef = 86C0F5D02BCFA30D00B78747 /* ProducersListViewController.swift */; };
		86C0F5D32BCFAFF400B78747 /* ProducersListTableViewCell.swift in Sources */ = {isa = PBXBuildFile; fileRef = 86C0F5D22BCFAFF400B78747 /* ProducersListTableViewCell.swift */; };
		86C0F5D62BCFB9AB00B78747 /* TeamSetUp.storyboard in Resources */ = {isa = PBXBuildFile; fileRef = 86C0F5D52BCFB9AB00B78747 /* TeamSetUp.storyboard */; };
		86C0F5D82BCFB9EA00B78747 /* ChooseFrequencyViewController.swift in Sources */ = {isa = PBXBuildFile; fileRef = 86C0F5D72BCFB9EA00B78747 /* ChooseFrequencyViewController.swift */; };
		86C0F5DD2BCFC71200B78747 /* PushAnimator.swift in Sources */ = {isa = PBXBuildFile; fileRef = 86C0F5DC2BCFC71200B78747 /* PushAnimator.swift */; };
		86C0F5DF2BCFCBEB00B78747 /* ChooseDeliveryDayViewController.swift in Sources */ = {isa = PBXBuildFile; fileRef = 86C0F5DE2BCFCBEB00B78747 /* ChooseDeliveryDayViewController.swift */; };
		86C0F5E12BCFCF8D00B78747 /* CreateALimitViewController.swift in Sources */ = {isa = PBXBuildFile; fileRef = 86C0F5E02BCFCF8D00B78747 /* CreateALimitViewController.swift */; };
		86D17AA72BCE696100464511 /* Color.xcassets in Resources */ = {isa = PBXBuildFile; fileRef = 86D17AA62BCE696100464511 /* Color.xcassets */; };
		86D17AA92BCE6ACB00464511 /* Colors.swift in Sources */ = {isa = PBXBuildFile; fileRef = 86D17AA82BCE6ACB00464511 /* Colors.swift */; };
		86D17AB92BCEB58D00464511 /* CreateATeamPopUpView.storyboard in Resources */ = {isa = PBXBuildFile; fileRef = 86D17AB22BCEB58D00464511 /* CreateATeamPopUpView.storyboard */; };
		86D17ABA2BCEB58D00464511 /* CreateATeamPopUpViewController.swift in Sources */ = {isa = PBXBuildFile; fileRef = 86D17AB32BCEB58D00464511 /* CreateATeamPopUpViewController.swift */; };
		86D17ABB2BCEB58D00464511 /* PaymentPopUpViewController.swift in Sources */ = {isa = PBXBuildFile; fileRef = 86D17AB52BCEB58D00464511 /* PaymentPopUpViewController.swift */; };
		86D17ABC2BCEB58D00464511 /* PaymentPopView.storyboard in Resources */ = {isa = PBXBuildFile; fileRef = 86D17AB62BCEB58D00464511 /* PaymentPopView.storyboard */; };
		86DD74AD2BD107D0001FEBBD /* OrderDetailsViewController.swift in Sources */ = {isa = PBXBuildFile; fileRef = 86DD74AC2BD107D0001FEBBD /* OrderDetailsViewController.swift */; };
		86DD74AF2BD107F7001FEBBD /* OrderDetailsTableViewCell.swift in Sources */ = {isa = PBXBuildFile; fileRef = 86DD74AE2BD107F7001FEBBD /* OrderDetailsTableViewCell.swift */; };
		8FCB679D61C4D215F9252325 /* Pods_Rabble_Hub_Rabble_HubUITests.framework in Frameworks */ = {isa = PBXBuildFile; fileRef = 9F619219FCC83F2154E2E139 /* Pods_Rabble_Hub_Rabble_HubUITests.framework */; };
		9EB5470129B8CF9D7E815131 /* Pods_Rabble_Hub.framework in Frameworks */ = {isa = PBXBuildFile; fileRef = D8E10A02AB21778D0B99C393 /* Pods_Rabble_Hub.framework */; };
		AC5EEFFA2BCEA45C0002A8D7 /* SF-Pro.ttf in Resources */ = {isa = PBXBuildFile; fileRef = AC5EEFF92BCEA45C0002A8D7 /* SF-Pro.ttf */; };
		AC5EEFFC2BCF547E0002A8D7 /* SF-Pro-Italic.ttf in Resources */ = {isa = PBXBuildFile; fileRef = AC5EEFFB2BCF547E0002A8D7 /* SF-Pro-Italic.ttf */; };
		AC5EEFFE2BCF63C50002A8D7 /* SignUpProfileViewController.swift in Sources */ = {isa = PBXBuildFile; fileRef = AC5EEFFD2BCF63C50002A8D7 /* SignUpProfileViewController.swift */; };
		AC5EF0002BCF98AB0002A8D7 /* SignUpScheduleViewController.swift in Sources */ = {isa = PBXBuildFile; fileRef = AC5EEFFF2BCF98AB0002A8D7 /* SignUpScheduleViewController.swift */; };
		AC5EF0022BD004050002A8D7 /* SignUpScheduleTableViewCell.swift in Sources */ = {isa = PBXBuildFile; fileRef = AC5EF0012BD004050002A8D7 /* SignUpScheduleTableViewCell.swift */; };
/* End PBXBuildFile section */

/* Begin PBXContainerItemProxy section */
		86A60DC92BCCEE3500496390 /* PBXContainerItemProxy */ = {
			isa = PBXContainerItemProxy;
			containerPortal = 86A60DAA2BCCEE3200496390 /* Project object */;
			proxyType = 1;
			remoteGlobalIDString = 86A60DB12BCCEE3200496390;
			remoteInfo = "Rabble Partner";
		};
		86A60DD32BCCEE3500496390 /* PBXContainerItemProxy */ = {
			isa = PBXContainerItemProxy;
			containerPortal = 86A60DAA2BCCEE3200496390 /* Project object */;
			proxyType = 1;
			remoteGlobalIDString = 86A60DB12BCCEE3200496390;
			remoteInfo = "Rabble Partner";
		};
/* End PBXContainerItemProxy section */

/* Begin PBXFileReference section */
		04374FFF633BB67430372319 /* Pods-Rabble Partner-Rabble PartnerUITests.debug.xcconfig */ = {isa = PBXFileReference; includeInIndex = 1; lastKnownFileType = text.xcconfig; name = "Pods-Rabble Partner-Rabble PartnerUITests.debug.xcconfig"; path = "Target Support Files/Pods-Rabble Partner-Rabble PartnerUITests/Pods-Rabble Partner-Rabble PartnerUITests.debug.xcconfig"; sourceTree = "<group>"; };
		086975A3A160FAF3BFD5ED2D /* Pods-Rabble HubTests.debug.xcconfig */ = {isa = PBXFileReference; includeInIndex = 1; lastKnownFileType = text.xcconfig; name = "Pods-Rabble HubTests.debug.xcconfig"; path = "Target Support Files/Pods-Rabble HubTests/Pods-Rabble HubTests.debug.xcconfig"; sourceTree = "<group>"; };
		2EDC3540C1B0555762252F08 /* Pods-Rabble Hub-Rabble HubUITests.debug.xcconfig */ = {isa = PBXFileReference; includeInIndex = 1; lastKnownFileType = text.xcconfig; name = "Pods-Rabble Hub-Rabble HubUITests.debug.xcconfig"; path = "Target Support Files/Pods-Rabble Hub-Rabble HubUITests/Pods-Rabble Hub-Rabble HubUITests.debug.xcconfig"; sourceTree = "<group>"; };
		4F40DD1EAD6CF1B0BA5EEA81 /* Pods-Rabble PartnerTests.release.xcconfig */ = {isa = PBXFileReference; includeInIndex = 1; lastKnownFileType = text.xcconfig; name = "Pods-Rabble PartnerTests.release.xcconfig"; path = "Target Support Files/Pods-Rabble PartnerTests/Pods-Rabble PartnerTests.release.xcconfig"; sourceTree = "<group>"; };
		52B0B99EC639808B1C781047 /* Pods-Rabble Partner-Rabble PartnerUITests.release.xcconfig */ = {isa = PBXFileReference; includeInIndex = 1; lastKnownFileType = text.xcconfig; name = "Pods-Rabble Partner-Rabble PartnerUITests.release.xcconfig"; path = "Target Support Files/Pods-Rabble Partner-Rabble PartnerUITests/Pods-Rabble Partner-Rabble PartnerUITests.release.xcconfig"; sourceTree = "<group>"; };
		5C4B12569FD318D949D2375C /* Pods-Rabble Hub-Rabble HubUITests.release.xcconfig */ = {isa = PBXFileReference; includeInIndex = 1; lastKnownFileType = text.xcconfig; name = "Pods-Rabble Hub-Rabble HubUITests.release.xcconfig"; path = "Target Support Files/Pods-Rabble Hub-Rabble HubUITests/Pods-Rabble Hub-Rabble HubUITests.release.xcconfig"; sourceTree = "<group>"; };
		6043952D761C00A580FE90F4 /* Pods-Rabble Partner.debug.xcconfig */ = {isa = PBXFileReference; includeInIndex = 1; lastKnownFileType = text.xcconfig; name = "Pods-Rabble Partner.debug.xcconfig"; path = "Target Support Files/Pods-Rabble Partner/Pods-Rabble Partner.debug.xcconfig"; sourceTree = "<group>"; };
		739F1150616511C46993FEDA /* Pods-Rabble HubTests.release.xcconfig */ = {isa = PBXFileReference; includeInIndex = 1; lastKnownFileType = text.xcconfig; name = "Pods-Rabble HubTests.release.xcconfig"; path = "Target Support Files/Pods-Rabble HubTests/Pods-Rabble HubTests.release.xcconfig"; sourceTree = "<group>"; };
		8617C4D12BD0CE9B007A0BA6 /* SetupTeamSuccessViewController.swift */ = {isa = PBXFileReference; lastKnownFileType = sourcecode.swift; path = SetupTeamSuccessViewController.swift; sourceTree = "<group>"; };
		8617C4D42BD0D9CE007A0BA6 /* CustomerCollectionView.storyboard */ = {isa = PBXFileReference; lastKnownFileType = file.storyboard; path = CustomerCollectionView.storyboard; sourceTree = "<group>"; };
		8617C4D62BD0DA50007A0BA6 /* CustomerCollectionListViewController.swift */ = {isa = PBXFileReference; lastKnownFileType = sourcecode.swift; path = CustomerCollectionListViewController.swift; sourceTree = "<group>"; };
		8617C4D82BD0E706007A0BA6 /* CustomerCollectionTableViewCell.swift */ = {isa = PBXFileReference; lastKnownFileType = sourcecode.swift; path = CustomerCollectionTableViewCell.swift; sourceTree = "<group>"; };
		86A60DB22BCCEE3200496390 /* Rabble Hub.app */ = {isa = PBXFileReference; explicitFileType = wrapper.application; includeInIndex = 0; path = "Rabble Hub.app"; sourceTree = BUILT_PRODUCTS_DIR; };
		86A60DB52BCCEE3200496390 /* AppDelegate.swift */ = {isa = PBXFileReference; lastKnownFileType = sourcecode.swift; path = AppDelegate.swift; sourceTree = "<group>"; };
		86A60DB72BCCEE3200496390 /* SceneDelegate.swift */ = {isa = PBXFileReference; lastKnownFileType = sourcecode.swift; path = SceneDelegate.swift; sourceTree = "<group>"; };
		86A60DB92BCCEE3200496390 /* ViewController.swift */ = {isa = PBXFileReference; lastKnownFileType = sourcecode.swift; path = ViewController.swift; sourceTree = "<group>"; };
		86A60DBC2BCCEE3200496390 /* Base */ = {isa = PBXFileReference; lastKnownFileType = file.storyboard; name = Base; path = Base.lproj/Main.storyboard; sourceTree = "<group>"; };
		86A60DBE2BCCEE3400496390 /* Assets.xcassets */ = {isa = PBXFileReference; lastKnownFileType = folder.assetcatalog; path = Assets.xcassets; sourceTree = "<group>"; };
		86A60DC12BCCEE3400496390 /* Base */ = {isa = PBXFileReference; lastKnownFileType = file.storyboard; name = Base; path = Base.lproj/LaunchScreen.storyboard; sourceTree = "<group>"; };
		86A60DC32BCCEE3400496390 /* Info.plist */ = {isa = PBXFileReference; lastKnownFileType = text.plist.xml; path = Info.plist; sourceTree = "<group>"; };
		86A60DC82BCCEE3500496390 /* Rabble HubTests.xctest */ = {isa = PBXFileReference; explicitFileType = wrapper.cfbundle; includeInIndex = 0; path = "Rabble HubTests.xctest"; sourceTree = BUILT_PRODUCTS_DIR; };
		86A60DCC2BCCEE3500496390 /* Rabble_PartnerTests.swift */ = {isa = PBXFileReference; lastKnownFileType = sourcecode.swift; path = Rabble_PartnerTests.swift; sourceTree = "<group>"; };
		86A60DD22BCCEE3500496390 /* Rabble HubUITests.xctest */ = {isa = PBXFileReference; explicitFileType = wrapper.cfbundle; includeInIndex = 0; path = "Rabble HubUITests.xctest"; sourceTree = BUILT_PRODUCTS_DIR; };
		86A60DD62BCCEE3500496390 /* Rabble_PartnerUITests.swift */ = {isa = PBXFileReference; lastKnownFileType = sourcecode.swift; path = Rabble_PartnerUITests.swift; sourceTree = "<group>"; };
		86A60DD82BCCEE3500496390 /* Rabble_PartnerUITestsLaunchTests.swift */ = {isa = PBXFileReference; lastKnownFileType = sourcecode.swift; path = Rabble_PartnerUITestsLaunchTests.swift; sourceTree = "<group>"; };
		86A60DE92BCCEEF500496390 /* Constants.swift */ = {isa = PBXFileReference; lastKnownFileType = sourcecode.swift; path = Constants.swift; sourceTree = "<group>"; };
		86A60DED2BCCEF7600496390 /* SignUpView.storyboard */ = {isa = PBXFileReference; lastKnownFileType = file.storyboard; path = SignUpView.storyboard; sourceTree = "<group>"; };
		86A60DEF2BCCEF8C00496390 /* SignUpViewController.swift */ = {isa = PBXFileReference; lastKnownFileType = sourcecode.swift; path = SignUpViewController.swift; sourceTree = "<group>"; };
		86A60DF72BCCF8C200496390 /* OnboardingView.storyboard */ = {isa = PBXFileReference; lastKnownFileType = file.storyboard; path = OnboardingView.storyboard; sourceTree = "<group>"; };
		86A60E042BCE0EFD00496390 /* OnboardingViewController.swift */ = {isa = PBXFileReference; lastKnownFileType = sourcecode.swift; path = OnboardingViewController.swift; sourceTree = "<group>"; };
		86A60E062BCE0F5A00496390 /* MobileInputViewController.swift */ = {isa = PBXFileReference; lastKnownFileType = sourcecode.swift; path = MobileInputViewController.swift; sourceTree = "<group>"; };
		86A60E0A2BCE2F5C00496390 /* OtpInputViewController.swift */ = {isa = PBXFileReference; lastKnownFileType = sourcecode.swift; path = OtpInputViewController.swift; sourceTree = "<group>"; };
		86C0F5CD2BCFA2F700B78747 /* ProducersListView.storyboard */ = {isa = PBXFileReference; lastKnownFileType = file.storyboard; path = ProducersListView.storyboard; sourceTree = "<group>"; };
		86C0F5D02BCFA30D00B78747 /* ProducersListViewController.swift */ = {isa = PBXFileReference; lastKnownFileType = sourcecode.swift; path = ProducersListViewController.swift; sourceTree = "<group>"; };
		86C0F5D22BCFAFF400B78747 /* ProducersListTableViewCell.swift */ = {isa = PBXFileReference; lastKnownFileType = sourcecode.swift; path = ProducersListTableViewCell.swift; sourceTree = "<group>"; };
		86C0F5D52BCFB9AB00B78747 /* TeamSetUp.storyboard */ = {isa = PBXFileReference; lastKnownFileType = file.storyboard; path = TeamSetUp.storyboard; sourceTree = "<group>"; };
		86C0F5D72BCFB9EA00B78747 /* ChooseFrequencyViewController.swift */ = {isa = PBXFileReference; lastKnownFileType = sourcecode.swift; path = ChooseFrequencyViewController.swift; sourceTree = "<group>"; };
		86C0F5DC2BCFC71200B78747 /* PushAnimator.swift */ = {isa = PBXFileReference; lastKnownFileType = sourcecode.swift; path = PushAnimator.swift; sourceTree = "<group>"; };
		86C0F5DE2BCFCBEB00B78747 /* ChooseDeliveryDayViewController.swift */ = {isa = PBXFileReference; lastKnownFileType = sourcecode.swift; path = ChooseDeliveryDayViewController.swift; sourceTree = "<group>"; };
		86C0F5E02BCFCF8D00B78747 /* CreateALimitViewController.swift */ = {isa = PBXFileReference; lastKnownFileType = sourcecode.swift; path = CreateALimitViewController.swift; sourceTree = "<group>"; };
		86D17AA62BCE696100464511 /* Color.xcassets */ = {isa = PBXFileReference; lastKnownFileType = folder.assetcatalog; path = Color.xcassets; sourceTree = "<group>"; };
		86D17AA82BCE6ACB00464511 /* Colors.swift */ = {isa = PBXFileReference; lastKnownFileType = sourcecode.swift; path = Colors.swift; sourceTree = "<group>"; };
		86D17AB22BCEB58D00464511 /* CreateATeamPopUpView.storyboard */ = {isa = PBXFileReference; fileEncoding = 4; lastKnownFileType = file.storyboard; path = CreateATeamPopUpView.storyboard; sourceTree = "<group>"; };
		86D17AB32BCEB58D00464511 /* CreateATeamPopUpViewController.swift */ = {isa = PBXFileReference; fileEncoding = 4; lastKnownFileType = sourcecode.swift; path = CreateATeamPopUpViewController.swift; sourceTree = "<group>"; };
		86D17AB52BCEB58D00464511 /* PaymentPopUpViewController.swift */ = {isa = PBXFileReference; fileEncoding = 4; lastKnownFileType = sourcecode.swift; path = PaymentPopUpViewController.swift; sourceTree = "<group>"; };
		86D17AB62BCEB58D00464511 /* PaymentPopView.storyboard */ = {isa = PBXFileReference; fileEncoding = 4; lastKnownFileType = file.storyboard; path = PaymentPopView.storyboard; sourceTree = "<group>"; };
		86DD74AC2BD107D0001FEBBD /* OrderDetailsViewController.swift */ = {isa = PBXFileReference; lastKnownFileType = sourcecode.swift; path = OrderDetailsViewController.swift; sourceTree = "<group>"; };
		86DD74AE2BD107F7001FEBBD /* OrderDetailsTableViewCell.swift */ = {isa = PBXFileReference; lastKnownFileType = sourcecode.swift; path = OrderDetailsTableViewCell.swift; sourceTree = "<group>"; };
		8EB23A055A884DC26BE88FA2 /* Pods-Rabble Partner.release.xcconfig */ = {isa = PBXFileReference; includeInIndex = 1; lastKnownFileType = text.xcconfig; name = "Pods-Rabble Partner.release.xcconfig"; path = "Target Support Files/Pods-Rabble Partner/Pods-Rabble Partner.release.xcconfig"; sourceTree = "<group>"; };
		9F619219FCC83F2154E2E139 /* Pods_Rabble_Hub_Rabble_HubUITests.framework */ = {isa = PBXFileReference; explicitFileType = wrapper.framework; includeInIndex = 0; path = Pods_Rabble_Hub_Rabble_HubUITests.framework; sourceTree = BUILT_PRODUCTS_DIR; };
		AC52AB692BCD656100DB8135 /* SignUpStepIndicatorViewController.swift */ = {isa = PBXFileReference; lastKnownFileType = sourcecode.swift; path = SignUpStepIndicatorViewController.swift; sourceTree = "<group>"; };
		AC5EEFF92BCEA45C0002A8D7 /* SF-Pro.ttf */ = {isa = PBXFileReference; lastKnownFileType = file; name = "SF-Pro.ttf"; path = "../../../../../../../../../../Library/Fonts/SF-Pro.ttf"; sourceTree = "<group>"; };
		AC5EEFFB2BCF547E0002A8D7 /* SF-Pro-Italic.ttf */ = {isa = PBXFileReference; lastKnownFileType = file; name = "SF-Pro-Italic.ttf"; path = "../../../../../../../../../../Library/Fonts/SF-Pro-Italic.ttf"; sourceTree = "<group>"; };
		AC5EEFFD2BCF63C50002A8D7 /* SignUpProfileViewController.swift */ = {isa = PBXFileReference; lastKnownFileType = sourcecode.swift; path = SignUpProfileViewController.swift; sourceTree = "<group>"; };
		AC5EEFFF2BCF98AB0002A8D7 /* SignUpScheduleViewController.swift */ = {isa = PBXFileReference; lastKnownFileType = sourcecode.swift; path = SignUpScheduleViewController.swift; sourceTree = "<group>"; };
		AC5EF0012BD004050002A8D7 /* SignUpScheduleTableViewCell.swift */ = {isa = PBXFileReference; lastKnownFileType = sourcecode.swift; path = SignUpScheduleTableViewCell.swift; sourceTree = "<group>"; };
		B07752F0C1FC2C9A494FC64B /* Pods-Rabble Hub.release.xcconfig */ = {isa = PBXFileReference; includeInIndex = 1; lastKnownFileType = text.xcconfig; name = "Pods-Rabble Hub.release.xcconfig"; path = "Target Support Files/Pods-Rabble Hub/Pods-Rabble Hub.release.xcconfig"; sourceTree = "<group>"; };
		B6C3CEDBAB1932F4A8E5E68D /* Pods-Rabble PartnerTests.debug.xcconfig */ = {isa = PBXFileReference; includeInIndex = 1; lastKnownFileType = text.xcconfig; name = "Pods-Rabble PartnerTests.debug.xcconfig"; path = "Target Support Files/Pods-Rabble PartnerTests/Pods-Rabble PartnerTests.debug.xcconfig"; sourceTree = "<group>"; };
		CCDD4D1F3F5AA5E6E3CCB332 /* Pods_Rabble_HubTests.framework */ = {isa = PBXFileReference; explicitFileType = wrapper.framework; includeInIndex = 0; path = Pods_Rabble_HubTests.framework; sourceTree = BUILT_PRODUCTS_DIR; };
		D8E10A02AB21778D0B99C393 /* Pods_Rabble_Hub.framework */ = {isa = PBXFileReference; explicitFileType = wrapper.framework; includeInIndex = 0; path = Pods_Rabble_Hub.framework; sourceTree = BUILT_PRODUCTS_DIR; };
		E7F1E460C10294D1303CD2A6 /* Pods-Rabble Hub.debug.xcconfig */ = {isa = PBXFileReference; includeInIndex = 1; lastKnownFileType = text.xcconfig; name = "Pods-Rabble Hub.debug.xcconfig"; path = "Target Support Files/Pods-Rabble Hub/Pods-Rabble Hub.debug.xcconfig"; sourceTree = "<group>"; };
/* End PBXFileReference section */

/* Begin PBXFrameworksBuildPhase section */
		86A60DAF2BCCEE3200496390 /* Frameworks */ = {
			isa = PBXFrameworksBuildPhase;
			buildActionMask = 2147483647;
			files = (
				9EB5470129B8CF9D7E815131 /* Pods_Rabble_Hub.framework in Frameworks */,
			);
			runOnlyForDeploymentPostprocessing = 0;
		};
		86A60DC52BCCEE3500496390 /* Frameworks */ = {
			isa = PBXFrameworksBuildPhase;
			buildActionMask = 2147483647;
			files = (
				4B0AEEA1A8761E9245E3412F /* Pods_Rabble_HubTests.framework in Frameworks */,
			);
			runOnlyForDeploymentPostprocessing = 0;
		};
		86A60DCF2BCCEE3500496390 /* Frameworks */ = {
			isa = PBXFrameworksBuildPhase;
			buildActionMask = 2147483647;
			files = (
				8FCB679D61C4D215F9252325 /* Pods_Rabble_Hub_Rabble_HubUITests.framework in Frameworks */,
			);
			runOnlyForDeploymentPostprocessing = 0;
		};
/* End PBXFrameworksBuildPhase section */

/* Begin PBXGroup section */
		0EEB1EC49CA8BF1EB61F55BA /* Frameworks */ = {
			isa = PBXGroup;
			children = (
				D8E10A02AB21778D0B99C393 /* Pods_Rabble_Hub.framework */,
				9F619219FCC83F2154E2E139 /* Pods_Rabble_Hub_Rabble_HubUITests.framework */,
				CCDD4D1F3F5AA5E6E3CCB332 /* Pods_Rabble_HubTests.framework */,
			);
			name = Frameworks;
			sourceTree = "<group>";
		};
		8617C4D32BD0D97A007A0BA6 /* Customer Collection */ = {
			isa = PBXGroup;
			children = (
				8617C4D42BD0D9CE007A0BA6 /* CustomerCollectionView.storyboard */,
				8617C4D62BD0DA50007A0BA6 /* CustomerCollectionListViewController.swift */,
				86DD74AC2BD107D0001FEBBD /* OrderDetailsViewController.swift */,
				8617C4D82BD0E706007A0BA6 /* CustomerCollectionTableViewCell.swift */,
				86DD74AE2BD107F7001FEBBD /* OrderDetailsTableViewCell.swift */,
			);
			path = "Customer Collection";
			sourceTree = "<group>";
		};
		86A60DA92BCCEE3200496390 = {
			isa = PBXGroup;
			children = (
				86A60DB42BCCEE3200496390 /* Rabble Hub */,
				86A60DCB2BCCEE3500496390 /* Rabble HubTests */,
				86A60DD52BCCEE3500496390 /* Rabble HubUITests */,
				86A60DB32BCCEE3200496390 /* Products */,
				F9873F1048C84A57B09C1D65 /* Pods */,
				0EEB1EC49CA8BF1EB61F55BA /* Frameworks */,
			);
			sourceTree = "<group>";
		};
		86A60DB32BCCEE3200496390 /* Products */ = {
			isa = PBXGroup;
			children = (
				86A60DB22BCCEE3200496390 /* Rabble Hub.app */,
				86A60DC82BCCEE3500496390 /* Rabble HubTests.xctest */,
				86A60DD22BCCEE3500496390 /* Rabble HubUITests.xctest */,
			);
			name = Products;
			sourceTree = "<group>";
		};
		86A60DB42BCCEE3200496390 /* Rabble Hub */ = {
			isa = PBXGroup;
			children = (
				86D17AA52BCE693D00464511 /* Assets */,
				86A60DE52BCCEEA100496390 /* ThirdPartySDK */,
				86A60DE62BCCEEAF00496390 /* Translation */,
				86A60DE72BCCEEBC00496390 /* Font */,
				86A60DE82BCCEEE000496390 /* Data */,
				86A60DEB2BCCEF4400496390 /* Features */,
				86A60DF12BCCEFAA00496390 /* App */,
				86A60DB52BCCEE3200496390 /* AppDelegate.swift */,
				86A60DB72BCCEE3200496390 /* SceneDelegate.swift */,
				86A60DB92BCCEE3200496390 /* ViewController.swift */,
				86A60DBB2BCCEE3200496390 /* Main.storyboard */,
				86A60DBE2BCCEE3400496390 /* Assets.xcassets */,
				86A60DC02BCCEE3400496390 /* LaunchScreen.storyboard */,
				86A60DC32BCCEE3400496390 /* Info.plist */,
			);
			path = "Rabble Hub";
			sourceTree = "<group>";
		};
		86A60DCB2BCCEE3500496390 /* Rabble HubTests */ = {
			isa = PBXGroup;
			children = (
				86A60DCC2BCCEE3500496390 /* Rabble_PartnerTests.swift */,
			);
			path = "Rabble HubTests";
			sourceTree = "<group>";
		};
		86A60DD52BCCEE3500496390 /* Rabble HubUITests */ = {
			isa = PBXGroup;
			children = (
				86A60DD62BCCEE3500496390 /* Rabble_PartnerUITests.swift */,
				86A60DD82BCCEE3500496390 /* Rabble_PartnerUITestsLaunchTests.swift */,
			);
			path = "Rabble HubUITests";
			sourceTree = "<group>";
		};
		86A60DE52BCCEEA100496390 /* ThirdPartySDK */ = {
			isa = PBXGroup;
			children = (
			);
			path = ThirdPartySDK;
			sourceTree = "<group>";
		};
		86A60DE62BCCEEAF00496390 /* Translation */ = {
			isa = PBXGroup;
			children = (
			);
			path = Translation;
			sourceTree = "<group>";
		};
		86A60DE72BCCEEBC00496390 /* Font */ = {
			isa = PBXGroup;
			children = (
				AC5EEFF92BCEA45C0002A8D7 /* SF-Pro.ttf */,
				AC5EEFFB2BCF547E0002A8D7 /* SF-Pro-Italic.ttf */,
			);
			path = Font;
			sourceTree = "<group>";
		};
		86A60DE82BCCEEE000496390 /* Data */ = {
			isa = PBXGroup;
			children = (
				86A60DFF2BCD39B600496390 /* Model */,
				86A60DE92BCCEEF500496390 /* Constants.swift */,
			);
			path = Data;
			sourceTree = "<group>";
		};
		86A60DEB2BCCEF4400496390 /* Features */ = {
			isa = PBXGroup;
			children = (
				86A60DF62BCCF8AC00496390 /* Onboarding */,
				86A60DEC2BCCEF6400496390 /* SignUp */,
				86D17AB82BCEB58D00464511 /* GettingStarted */,
				86C0F5CC2BCF9DBC00B78747 /* ListOfSuppliers */,
				8617C4D32BD0D97A007A0BA6 /* Customer Collection */,
			);
			path = Features;
			sourceTree = "<group>";
		};
		86A60DEC2BCCEF6400496390 /* SignUp */ = {
			isa = PBXGroup;
			children = (
				86A60DED2BCCEF7600496390 /* SignUpView.storyboard */,
				86A60DEF2BCCEF8C00496390 /* SignUpViewController.swift */,
				AC5EEFFD2BCF63C50002A8D7 /* SignUpProfileViewController.swift */,
				AC5EEFFF2BCF98AB0002A8D7 /* SignUpScheduleViewController.swift */,
				AC52AB692BCD656100DB8135 /* SignUpStepIndicatorViewController.swift */,
				AC5EF0012BD004050002A8D7 /* SignUpScheduleTableViewCell.swift */,
			);
			path = SignUp;
			sourceTree = "<group>";
		};
		86A60DF12BCCEFAA00496390 /* App */ = {
			isa = PBXGroup;
			children = (
				86C0F5D92BCFC6E600B78747 /* Common */,
				86A60DF42BCCF02500496390 /* Extension */,
				86A60DF22BCCEFC100496390 /* Network */,
			);
			path = App;
			sourceTree = "<group>";
		};
		86A60DF22BCCEFC100496390 /* Network */ = {
			isa = PBXGroup;
			children = (
			);
			path = Network;
			sourceTree = "<group>";
		};
		86A60DF42BCCF02500496390 /* Extension */ = {
			isa = PBXGroup;
			children = (
				86D17AA82BCE6ACB00464511 /* Colors.swift */,
			);
			path = Extension;
			sourceTree = "<group>";
		};
		86A60DF62BCCF8AC00496390 /* Onboarding */ = {
			isa = PBXGroup;
			children = (
				86A60DF72BCCF8C200496390 /* OnboardingView.storyboard */,
				86A60E042BCE0EFD00496390 /* OnboardingViewController.swift */,
				86A60E062BCE0F5A00496390 /* MobileInputViewController.swift */,
				86A60E0A2BCE2F5C00496390 /* OtpInputViewController.swift */,
			);
			path = Onboarding;
			sourceTree = "<group>";
		};
		86A60DFF2BCD39B600496390 /* Model */ = {
			isa = PBXGroup;
			children = (
			);
			path = Model;
			sourceTree = "<group>";
		};
		86C0F5CC2BCF9DBC00B78747 /* ListOfSuppliers */ = {
			isa = PBXGroup;
			children = (
				86C0F5CF2BCFA2FB00B78747 /* ProducersList */,
				86C0F5D42BCFB3C600B78747 /* TeamSetUp */,
			);
			path = ListOfSuppliers;
			sourceTree = "<group>";
		};
		86C0F5CF2BCFA2FB00B78747 /* ProducersList */ = {
			isa = PBXGroup;
			children = (
				86C0F5CD2BCFA2F700B78747 /* ProducersListView.storyboard */,
				86C0F5D02BCFA30D00B78747 /* ProducersListViewController.swift */,
				86C0F5D22BCFAFF400B78747 /* ProducersListTableViewCell.swift */,
			);
			path = ProducersList;
			sourceTree = "<group>";
		};
		86C0F5D42BCFB3C600B78747 /* TeamSetUp */ = {
			isa = PBXGroup;
			children = (
				86C0F5D52BCFB9AB00B78747 /* TeamSetUp.storyboard */,
				86C0F5D72BCFB9EA00B78747 /* ChooseFrequencyViewController.swift */,
				86C0F5DE2BCFCBEB00B78747 /* ChooseDeliveryDayViewController.swift */,
				86C0F5E02BCFCF8D00B78747 /* CreateALimitViewController.swift */,
				8617C4D12BD0CE9B007A0BA6 /* SetupTeamSuccessViewController.swift */,
			);
			path = TeamSetUp;
			sourceTree = "<group>";
		};
		86C0F5D92BCFC6E600B78747 /* Common */ = {
			isa = PBXGroup;
			children = (
				86C0F5DC2BCFC71200B78747 /* PushAnimator.swift */,
			);
			path = Common;
			sourceTree = "<group>";
		};
		86D17AA52BCE693D00464511 /* Assets */ = {
			isa = PBXGroup;
			children = (
				86D17AA62BCE696100464511 /* Color.xcassets */,
			);
			path = Assets;
			sourceTree = "<group>";
		};
		86D17AB42BCEB58D00464511 /* CreateATeamPopUp */ = {
			isa = PBXGroup;
			children = (
				86D17AB22BCEB58D00464511 /* CreateATeamPopUpView.storyboard */,
				86D17AB32BCEB58D00464511 /* CreateATeamPopUpViewController.swift */,
			);
			path = CreateATeamPopUp;
			sourceTree = "<group>";
		};
		86D17AB72BCEB58D00464511 /* PaymentPopUp */ = {
			isa = PBXGroup;
			children = (
				86D17AB52BCEB58D00464511 /* PaymentPopUpViewController.swift */,
				86D17AB62BCEB58D00464511 /* PaymentPopView.storyboard */,
			);
			path = PaymentPopUp;
			sourceTree = "<group>";
		};
		86D17AB82BCEB58D00464511 /* GettingStarted */ = {
			isa = PBXGroup;
			children = (
				86D17AB72BCEB58D00464511 /* PaymentPopUp */,
				86D17AB42BCEB58D00464511 /* CreateATeamPopUp */,
			);
			path = GettingStarted;
			sourceTree = "<group>";
		};
		F9873F1048C84A57B09C1D65 /* Pods */ = {
			isa = PBXGroup;
			children = (
				6043952D761C00A580FE90F4 /* Pods-Rabble Partner.debug.xcconfig */,
				8EB23A055A884DC26BE88FA2 /* Pods-Rabble Partner.release.xcconfig */,
				04374FFF633BB67430372319 /* Pods-Rabble Partner-Rabble PartnerUITests.debug.xcconfig */,
				52B0B99EC639808B1C781047 /* Pods-Rabble Partner-Rabble PartnerUITests.release.xcconfig */,
				B6C3CEDBAB1932F4A8E5E68D /* Pods-Rabble PartnerTests.debug.xcconfig */,
				4F40DD1EAD6CF1B0BA5EEA81 /* Pods-Rabble PartnerTests.release.xcconfig */,
				E7F1E460C10294D1303CD2A6 /* Pods-Rabble Hub.debug.xcconfig */,
				B07752F0C1FC2C9A494FC64B /* Pods-Rabble Hub.release.xcconfig */,
				2EDC3540C1B0555762252F08 /* Pods-Rabble Hub-Rabble HubUITests.debug.xcconfig */,
				5C4B12569FD318D949D2375C /* Pods-Rabble Hub-Rabble HubUITests.release.xcconfig */,
				086975A3A160FAF3BFD5ED2D /* Pods-Rabble HubTests.debug.xcconfig */,
				739F1150616511C46993FEDA /* Pods-Rabble HubTests.release.xcconfig */,
			);
			path = Pods;
			sourceTree = "<group>";
		};
/* End PBXGroup section */

/* Begin PBXNativeTarget section */
		86A60DB12BCCEE3200496390 /* Rabble Hub */ = {
			isa = PBXNativeTarget;
			buildConfigurationList = 86A60DDC2BCCEE3500496390 /* Build configuration list for PBXNativeTarget "Rabble Hub" */;
			buildPhases = (
				A3AC8377CD57EDD319B800B1 /* [CP] Check Pods Manifest.lock */,
				86A60DAE2BCCEE3200496390 /* Sources */,
				86A60DAF2BCCEE3200496390 /* Frameworks */,
				86A60DB02BCCEE3200496390 /* Resources */,
				275495E3CB118D874C401C30 /* [CP] Embed Pods Frameworks */,
			);
			buildRules = (
			);
			dependencies = (
			);
			name = "Rabble Hub";
			productName = "Rabble Partner";
			productReference = 86A60DB22BCCEE3200496390 /* Rabble Hub.app */;
			productType = "com.apple.product-type.application";
		};
		86A60DC72BCCEE3500496390 /* Rabble HubTests */ = {
			isa = PBXNativeTarget;
			buildConfigurationList = 86A60DDF2BCCEE3500496390 /* Build configuration list for PBXNativeTarget "Rabble HubTests" */;
			buildPhases = (
				072A36C2B47305972D4F602B /* [CP] Check Pods Manifest.lock */,
				86A60DC42BCCEE3500496390 /* Sources */,
				86A60DC52BCCEE3500496390 /* Frameworks */,
				86A60DC62BCCEE3500496390 /* Resources */,
			);
			buildRules = (
			);
			dependencies = (
				86A60DCA2BCCEE3500496390 /* PBXTargetDependency */,
			);
			name = "Rabble HubTests";
			productName = "Rabble PartnerTests";
			productReference = 86A60DC82BCCEE3500496390 /* Rabble HubTests.xctest */;
			productType = "com.apple.product-type.bundle.unit-test";
		};
		86A60DD12BCCEE3500496390 /* Rabble HubUITests */ = {
			isa = PBXNativeTarget;
			buildConfigurationList = 86A60DE22BCCEE3500496390 /* Build configuration list for PBXNativeTarget "Rabble HubUITests" */;
			buildPhases = (
				2BBF58BB4FA06F18BF6F23B5 /* [CP] Check Pods Manifest.lock */,
				86A60DCE2BCCEE3500496390 /* Sources */,
				86A60DCF2BCCEE3500496390 /* Frameworks */,
				86A60DD02BCCEE3500496390 /* Resources */,
				530D2211B42A2B9F24677BBD /* [CP] Embed Pods Frameworks */,
			);
			buildRules = (
			);
			dependencies = (
				86A60DD42BCCEE3500496390 /* PBXTargetDependency */,
			);
			name = "Rabble HubUITests";
			productName = "Rabble PartnerUITests";
			productReference = 86A60DD22BCCEE3500496390 /* Rabble HubUITests.xctest */;
			productType = "com.apple.product-type.bundle.ui-testing";
		};
/* End PBXNativeTarget section */

/* Begin PBXProject section */
		86A60DAA2BCCEE3200496390 /* Project object */ = {
			isa = PBXProject;
			attributes = {
				BuildIndependentTargetsInParallel = 1;
				LastSwiftUpdateCheck = 1530;
				LastUpgradeCheck = 1530;
				TargetAttributes = {
					86A60DB12BCCEE3200496390 = {
						CreatedOnToolsVersion = 15.3;
					};
					86A60DC72BCCEE3500496390 = {
						CreatedOnToolsVersion = 15.3;
						TestTargetID = 86A60DB12BCCEE3200496390;
					};
					86A60DD12BCCEE3500496390 = {
						CreatedOnToolsVersion = 15.3;
						TestTargetID = 86A60DB12BCCEE3200496390;
					};
				};
			};
			buildConfigurationList = 86A60DAD2BCCEE3200496390 /* Build configuration list for PBXProject "Rabble Hub" */;
			compatibilityVersion = "Xcode 14.0";
			developmentRegion = en;
			hasScannedForEncodings = 0;
			knownRegions = (
				en,
				Base,
			);
			mainGroup = 86A60DA92BCCEE3200496390;
			productRefGroup = 86A60DB32BCCEE3200496390 /* Products */;
			projectDirPath = "";
			projectRoot = "";
			targets = (
				86A60DB12BCCEE3200496390 /* Rabble Hub */,
				86A60DC72BCCEE3500496390 /* Rabble HubTests */,
				86A60DD12BCCEE3500496390 /* Rabble HubUITests */,
			);
		};
/* End PBXProject section */

/* Begin PBXResourcesBuildPhase section */
		86A60DB02BCCEE3200496390 /* Resources */ = {
			isa = PBXResourcesBuildPhase;
			buildActionMask = 2147483647;
			files = (
				86C0F5CE2BCFA2F700B78747 /* ProducersListView.storyboard in Resources */,
				86A60DBF2BCCEE3400496390 /* Assets.xcassets in Resources */,
				86D17ABC2BCEB58D00464511 /* PaymentPopView.storyboard in Resources */,
				86C0F5D62BCFB9AB00B78747 /* TeamSetUp.storyboard in Resources */,
				86D17AB92BCEB58D00464511 /* CreateATeamPopUpView.storyboard in Resources */,
				86A60DEE2BCCEF7600496390 /* SignUpView.storyboard in Resources */,
				86A60DF82BCCF8C200496390 /* OnboardingView.storyboard in Resources */,
				8617C4D52BD0D9CE007A0BA6 /* CustomerCollectionView.storyboard in Resources */,
				AC5EEFFA2BCEA45C0002A8D7 /* SF-Pro.ttf in Resources */,
				86D17AA72BCE696100464511 /* Color.xcassets in Resources */,
				86A60DC22BCCEE3400496390 /* Base in Resources */,
				86A60DBD2BCCEE3200496390 /* Base in Resources */,
				AC5EEFFC2BCF547E0002A8D7 /* SF-Pro-Italic.ttf in Resources */,
			);
			runOnlyForDeploymentPostprocessing = 0;
		};
		86A60DC62BCCEE3500496390 /* Resources */ = {
			isa = PBXResourcesBuildPhase;
			buildActionMask = 2147483647;
			files = (
			);
			runOnlyForDeploymentPostprocessing = 0;
		};
		86A60DD02BCCEE3500496390 /* Resources */ = {
			isa = PBXResourcesBuildPhase;
			buildActionMask = 2147483647;
			files = (
			);
			runOnlyForDeploymentPostprocessing = 0;
		};
/* End PBXResourcesBuildPhase section */

/* Begin PBXShellScriptBuildPhase section */
		072A36C2B47305972D4F602B /* [CP] Check Pods Manifest.lock */ = {
			isa = PBXShellScriptBuildPhase;
			buildActionMask = 2147483647;
			files = (
			);
			inputFileListPaths = (
			);
			inputPaths = (
				"${PODS_PODFILE_DIR_PATH}/Podfile.lock",
				"${PODS_ROOT}/Manifest.lock",
			);
			name = "[CP] Check Pods Manifest.lock";
			outputFileListPaths = (
			);
			outputPaths = (
				"$(DERIVED_FILE_DIR)/Pods-Rabble HubTests-checkManifestLockResult.txt",
			);
			runOnlyForDeploymentPostprocessing = 0;
			shellPath = /bin/sh;
			shellScript = "diff \"${PODS_PODFILE_DIR_PATH}/Podfile.lock\" \"${PODS_ROOT}/Manifest.lock\" > /dev/null\nif [ $? != 0 ] ; then\n    # print error to STDERR\n    echo \"error: The sandbox is not in sync with the Podfile.lock. Run 'pod install' or update your CocoaPods installation.\" >&2\n    exit 1\nfi\n# This output is used by Xcode 'outputs' to avoid re-running this script phase.\necho \"SUCCESS\" > \"${SCRIPT_OUTPUT_FILE_0}\"\n";
			showEnvVarsInLog = 0;
		};
		275495E3CB118D874C401C30 /* [CP] Embed Pods Frameworks */ = {
			isa = PBXShellScriptBuildPhase;
			buildActionMask = 2147483647;
			files = (
			);
			inputFileListPaths = (
				"${PODS_ROOT}/Target Support Files/Pods-Rabble Hub/Pods-Rabble Hub-frameworks-${CONFIGURATION}-input-files.xcfilelist",
			);
			name = "[CP] Embed Pods Frameworks";
			outputFileListPaths = (
				"${PODS_ROOT}/Target Support Files/Pods-Rabble Hub/Pods-Rabble Hub-frameworks-${CONFIGURATION}-output-files.xcfilelist",
			);
			runOnlyForDeploymentPostprocessing = 0;
			shellPath = /bin/sh;
			shellScript = "\"${PODS_ROOT}/Target Support Files/Pods-Rabble Hub/Pods-Rabble Hub-frameworks.sh\"\n";
			showEnvVarsInLog = 0;
		};
		2BBF58BB4FA06F18BF6F23B5 /* [CP] Check Pods Manifest.lock */ = {
			isa = PBXShellScriptBuildPhase;
			buildActionMask = 2147483647;
			files = (
			);
			inputFileListPaths = (
			);
			inputPaths = (
				"${PODS_PODFILE_DIR_PATH}/Podfile.lock",
				"${PODS_ROOT}/Manifest.lock",
			);
			name = "[CP] Check Pods Manifest.lock";
			outputFileListPaths = (
			);
			outputPaths = (
				"$(DERIVED_FILE_DIR)/Pods-Rabble Hub-Rabble HubUITests-checkManifestLockResult.txt",
			);
			runOnlyForDeploymentPostprocessing = 0;
			shellPath = /bin/sh;
			shellScript = "diff \"${PODS_PODFILE_DIR_PATH}/Podfile.lock\" \"${PODS_ROOT}/Manifest.lock\" > /dev/null\nif [ $? != 0 ] ; then\n    # print error to STDERR\n    echo \"error: The sandbox is not in sync with the Podfile.lock. Run 'pod install' or update your CocoaPods installation.\" >&2\n    exit 1\nfi\n# This output is used by Xcode 'outputs' to avoid re-running this script phase.\necho \"SUCCESS\" > \"${SCRIPT_OUTPUT_FILE_0}\"\n";
			showEnvVarsInLog = 0;
		};
		530D2211B42A2B9F24677BBD /* [CP] Embed Pods Frameworks */ = {
			isa = PBXShellScriptBuildPhase;
			buildActionMask = 2147483647;
			files = (
			);
			inputFileListPaths = (
				"${PODS_ROOT}/Target Support Files/Pods-Rabble Hub-Rabble HubUITests/Pods-Rabble Hub-Rabble HubUITests-frameworks-${CONFIGURATION}-input-files.xcfilelist",
			);
			name = "[CP] Embed Pods Frameworks";
			outputFileListPaths = (
				"${PODS_ROOT}/Target Support Files/Pods-Rabble Hub-Rabble HubUITests/Pods-Rabble Hub-Rabble HubUITests-frameworks-${CONFIGURATION}-output-files.xcfilelist",
			);
			runOnlyForDeploymentPostprocessing = 0;
			shellPath = /bin/sh;
			shellScript = "\"${PODS_ROOT}/Target Support Files/Pods-Rabble Hub-Rabble HubUITests/Pods-Rabble Hub-Rabble HubUITests-frameworks.sh\"\n";
			showEnvVarsInLog = 0;
		};
		A3AC8377CD57EDD319B800B1 /* [CP] Check Pods Manifest.lock */ = {
			isa = PBXShellScriptBuildPhase;
			buildActionMask = 2147483647;
			files = (
			);
			inputFileListPaths = (
			);
			inputPaths = (
				"${PODS_PODFILE_DIR_PATH}/Podfile.lock",
				"${PODS_ROOT}/Manifest.lock",
			);
			name = "[CP] Check Pods Manifest.lock";
			outputFileListPaths = (
			);
			outputPaths = (
				"$(DERIVED_FILE_DIR)/Pods-Rabble Hub-checkManifestLockResult.txt",
			);
			runOnlyForDeploymentPostprocessing = 0;
			shellPath = /bin/sh;
			shellScript = "diff \"${PODS_PODFILE_DIR_PATH}/Podfile.lock\" \"${PODS_ROOT}/Manifest.lock\" > /dev/null\nif [ $? != 0 ] ; then\n    # print error to STDERR\n    echo \"error: The sandbox is not in sync with the Podfile.lock. Run 'pod install' or update your CocoaPods installation.\" >&2\n    exit 1\nfi\n# This output is used by Xcode 'outputs' to avoid re-running this script phase.\necho \"SUCCESS\" > \"${SCRIPT_OUTPUT_FILE_0}\"\n";
			showEnvVarsInLog = 0;
		};
/* End PBXShellScriptBuildPhase section */

/* Begin PBXSourcesBuildPhase section */
		86A60DAE2BCCEE3200496390 /* Sources */ = {
			isa = PBXSourcesBuildPhase;
			buildActionMask = 2147483647;
			files = (
				86A60DBA2BCCEE3200496390 /* ViewController.swift in Sources */,
				86D17AA92BCE6ACB00464511 /* Colors.swift in Sources */,
				86C0F5DF2BCFCBEB00B78747 /* ChooseDeliveryDayViewController.swift in Sources */,
				86A60E052BCE0EFD00496390 /* SignUpStepIndicatorViewController.swift in Sources */,
				AC5EF0002BCF98AB0002A8D7 /* SignUpScheduleViewController.swift in Sources */,
				86DD74AF2BD107F7001FEBBD /* OrderDetailsTableViewCell.swift in Sources */,
				86D17ABB2BCEB58D00464511 /* PaymentPopUpViewController.swift in Sources */,
				8617C4D92BD0E706007A0BA6 /* CustomerCollectionTableViewCell.swift in Sources */,
				86C0F5DD2BCFC71200B78747 /* PushAnimator.swift in Sources */,
				86DD74AD2BD107D0001FEBBD /* OrderDetailsViewController.swift in Sources */,
				86A60DB62BCCEE3200496390 /* AppDelegate.swift in Sources */,
				AC5EF0022BD004050002A8D7 /* SignUpScheduleTableViewCell.swift in Sources */,
				86A60E0B2BCE2F5C00496390 /* OtpInputViewController.swift in Sources */,
				AC5EEFFE2BCF63C50002A8D7 /* SignUpProfileViewController.swift in Sources */,
				86C0F5D12BCFA30D00B78747 /* ProducersListViewController.swift in Sources */,
				86A60DB82BCCEE3200496390 /* SceneDelegate.swift in Sources */,
				86A60DEA2BCCEEF500496390 /* Constants.swift in Sources */,
				86C0F5D32BCFAFF400B78747 /* ProducersListTableViewCell.swift in Sources */,
				8617C4D72BD0DA50007A0BA6 /* CustomerCollectionListViewController.swift in Sources */,
				86C0F5D82BCFB9EA00B78747 /* ChooseFrequencyViewController.swift in Sources */,
				86A60DF02BCCEF8C00496390 /* SignUpViewController.swift in Sources */,
				86D17ABA2BCEB58D00464511 /* CreateATeamPopUpViewController.swift in Sources */,
				86C0F5E12BCFCF8D00B78747 /* CreateALimitViewController.swift in Sources */,
				86A60E072BCE0F5A00496390 /* MobileInputViewController.swift in Sources */,
				8617C4D22BD0CE9B007A0BA6 /* SetupTeamSuccessViewController.swift in Sources */,
			);
			runOnlyForDeploymentPostprocessing = 0;
		};
		86A60DC42BCCEE3500496390 /* Sources */ = {
			isa = PBXSourcesBuildPhase;
			buildActionMask = 2147483647;
			files = (
				86A60DCD2BCCEE3500496390 /* Rabble_PartnerTests.swift in Sources */,
			);
			runOnlyForDeploymentPostprocessing = 0;
		};
		86A60DCE2BCCEE3500496390 /* Sources */ = {
			isa = PBXSourcesBuildPhase;
			buildActionMask = 2147483647;
			files = (
				86A60DD72BCCEE3500496390 /* Rabble_PartnerUITests.swift in Sources */,
				86A60DD92BCCEE3500496390 /* Rabble_PartnerUITestsLaunchTests.swift in Sources */,
			);
			runOnlyForDeploymentPostprocessing = 0;
		};
/* End PBXSourcesBuildPhase section */

/* Begin PBXTargetDependency section */
		86A60DCA2BCCEE3500496390 /* PBXTargetDependency */ = {
			isa = PBXTargetDependency;
			target = 86A60DB12BCCEE3200496390 /* Rabble Hub */;
			targetProxy = 86A60DC92BCCEE3500496390 /* PBXContainerItemProxy */;
		};
		86A60DD42BCCEE3500496390 /* PBXTargetDependency */ = {
			isa = PBXTargetDependency;
			target = 86A60DB12BCCEE3200496390 /* Rabble Hub */;
			targetProxy = 86A60DD32BCCEE3500496390 /* PBXContainerItemProxy */;
		};
/* End PBXTargetDependency section */

/* Begin PBXVariantGroup section */
		86A60DBB2BCCEE3200496390 /* Main.storyboard */ = {
			isa = PBXVariantGroup;
			children = (
				86A60DBC2BCCEE3200496390 /* Base */,
			);
			name = Main.storyboard;
			sourceTree = "<group>";
		};
		86A60DC02BCCEE3400496390 /* LaunchScreen.storyboard */ = {
			isa = PBXVariantGroup;
			children = (
				86A60DC12BCCEE3400496390 /* Base */,
			);
			name = LaunchScreen.storyboard;
			sourceTree = "<group>";
		};
/* End PBXVariantGroup section */

/* Begin XCBuildConfiguration section */
		86A60DDA2BCCEE3500496390 /* Debug */ = {
			isa = XCBuildConfiguration;
			buildSettings = {
				ALWAYS_SEARCH_USER_PATHS = NO;
				ASSETCATALOG_COMPILER_GENERATE_SWIFT_ASSET_SYMBOL_EXTENSIONS = YES;
				CLANG_ANALYZER_NONNULL = YES;
				CLANG_ANALYZER_NUMBER_OBJECT_CONVERSION = YES_AGGRESSIVE;
				CLANG_CXX_LANGUAGE_STANDARD = "gnu++20";
				CLANG_ENABLE_MODULES = YES;
				CLANG_ENABLE_OBJC_ARC = YES;
				CLANG_ENABLE_OBJC_WEAK = YES;
				CLANG_WARN_BLOCK_CAPTURE_AUTORELEASING = YES;
				CLANG_WARN_BOOL_CONVERSION = YES;
				CLANG_WARN_COMMA = YES;
				CLANG_WARN_CONSTANT_CONVERSION = YES;
				CLANG_WARN_DEPRECATED_OBJC_IMPLEMENTATIONS = YES;
				CLANG_WARN_DIRECT_OBJC_ISA_USAGE = YES_ERROR;
				CLANG_WARN_DOCUMENTATION_COMMENTS = YES;
				CLANG_WARN_EMPTY_BODY = YES;
				CLANG_WARN_ENUM_CONVERSION = YES;
				CLANG_WARN_INFINITE_RECURSION = YES;
				CLANG_WARN_INT_CONVERSION = YES;
				CLANG_WARN_NON_LITERAL_NULL_CONVERSION = YES;
				CLANG_WARN_OBJC_IMPLICIT_RETAIN_SELF = YES;
				CLANG_WARN_OBJC_LITERAL_CONVERSION = YES;
				CLANG_WARN_OBJC_ROOT_CLASS = YES_ERROR;
				CLANG_WARN_QUOTED_INCLUDE_IN_FRAMEWORK_HEADER = YES;
				CLANG_WARN_RANGE_LOOP_ANALYSIS = YES;
				CLANG_WARN_STRICT_PROTOTYPES = YES;
				CLANG_WARN_SUSPICIOUS_MOVE = YES;
				CLANG_WARN_UNGUARDED_AVAILABILITY = YES_AGGRESSIVE;
				CLANG_WARN_UNREACHABLE_CODE = YES;
				CLANG_WARN__DUPLICATE_METHOD_MATCH = YES;
				COPY_PHASE_STRIP = NO;
				DEBUG_INFORMATION_FORMAT = dwarf;
				ENABLE_STRICT_OBJC_MSGSEND = YES;
				ENABLE_TESTABILITY = YES;
				ENABLE_USER_SCRIPT_SANDBOXING = YES;
				GCC_C_LANGUAGE_STANDARD = gnu17;
				GCC_DYNAMIC_NO_PIC = NO;
				GCC_NO_COMMON_BLOCKS = YES;
				GCC_OPTIMIZATION_LEVEL = 0;
				GCC_PREPROCESSOR_DEFINITIONS = (
					"DEBUG=1",
					"$(inherited)",
				);
				GCC_WARN_64_TO_32_BIT_CONVERSION = YES;
				GCC_WARN_ABOUT_RETURN_TYPE = YES_ERROR;
				GCC_WARN_UNDECLARED_SELECTOR = YES;
				GCC_WARN_UNINITIALIZED_AUTOS = YES_AGGRESSIVE;
				GCC_WARN_UNUSED_FUNCTION = YES;
				GCC_WARN_UNUSED_VARIABLE = YES;
				IPHONEOS_DEPLOYMENT_TARGET = 17.4;
				LOCALIZATION_PREFERS_STRING_CATALOGS = YES;
				MTL_ENABLE_DEBUG_INFO = INCLUDE_SOURCE;
				MTL_FAST_MATH = YES;
				ONLY_ACTIVE_ARCH = YES;
				SDKROOT = iphoneos;
				SWIFT_ACTIVE_COMPILATION_CONDITIONS = "DEBUG $(inherited)";
				SWIFT_OPTIMIZATION_LEVEL = "-Onone";
			};
			name = Debug;
		};
		86A60DDB2BCCEE3500496390 /* Release */ = {
			isa = XCBuildConfiguration;
			buildSettings = {
				ALWAYS_SEARCH_USER_PATHS = NO;
				ASSETCATALOG_COMPILER_GENERATE_SWIFT_ASSET_SYMBOL_EXTENSIONS = YES;
				CLANG_ANALYZER_NONNULL = YES;
				CLANG_ANALYZER_NUMBER_OBJECT_CONVERSION = YES_AGGRESSIVE;
				CLANG_CXX_LANGUAGE_STANDARD = "gnu++20";
				CLANG_ENABLE_MODULES = YES;
				CLANG_ENABLE_OBJC_ARC = YES;
				CLANG_ENABLE_OBJC_WEAK = YES;
				CLANG_WARN_BLOCK_CAPTURE_AUTORELEASING = YES;
				CLANG_WARN_BOOL_CONVERSION = YES;
				CLANG_WARN_COMMA = YES;
				CLANG_WARN_CONSTANT_CONVERSION = YES;
				CLANG_WARN_DEPRECATED_OBJC_IMPLEMENTATIONS = YES;
				CLANG_WARN_DIRECT_OBJC_ISA_USAGE = YES_ERROR;
				CLANG_WARN_DOCUMENTATION_COMMENTS = YES;
				CLANG_WARN_EMPTY_BODY = YES;
				CLANG_WARN_ENUM_CONVERSION = YES;
				CLANG_WARN_INFINITE_RECURSION = YES;
				CLANG_WARN_INT_CONVERSION = YES;
				CLANG_WARN_NON_LITERAL_NULL_CONVERSION = YES;
				CLANG_WARN_OBJC_IMPLICIT_RETAIN_SELF = YES;
				CLANG_WARN_OBJC_LITERAL_CONVERSION = YES;
				CLANG_WARN_OBJC_ROOT_CLASS = YES_ERROR;
				CLANG_WARN_QUOTED_INCLUDE_IN_FRAMEWORK_HEADER = YES;
				CLANG_WARN_RANGE_LOOP_ANALYSIS = YES;
				CLANG_WARN_STRICT_PROTOTYPES = YES;
				CLANG_WARN_SUSPICIOUS_MOVE = YES;
				CLANG_WARN_UNGUARDED_AVAILABILITY = YES_AGGRESSIVE;
				CLANG_WARN_UNREACHABLE_CODE = YES;
				CLANG_WARN__DUPLICATE_METHOD_MATCH = YES;
				COPY_PHASE_STRIP = NO;
				DEBUG_INFORMATION_FORMAT = "dwarf-with-dsym";
				ENABLE_NS_ASSERTIONS = NO;
				ENABLE_STRICT_OBJC_MSGSEND = YES;
				ENABLE_USER_SCRIPT_SANDBOXING = YES;
				GCC_C_LANGUAGE_STANDARD = gnu17;
				GCC_NO_COMMON_BLOCKS = YES;
				GCC_WARN_64_TO_32_BIT_CONVERSION = YES;
				GCC_WARN_ABOUT_RETURN_TYPE = YES_ERROR;
				GCC_WARN_UNDECLARED_SELECTOR = YES;
				GCC_WARN_UNINITIALIZED_AUTOS = YES_AGGRESSIVE;
				GCC_WARN_UNUSED_FUNCTION = YES;
				GCC_WARN_UNUSED_VARIABLE = YES;
				IPHONEOS_DEPLOYMENT_TARGET = 17.4;
				LOCALIZATION_PREFERS_STRING_CATALOGS = YES;
				MTL_ENABLE_DEBUG_INFO = NO;
				MTL_FAST_MATH = YES;
				SDKROOT = iphoneos;
				SWIFT_COMPILATION_MODE = wholemodule;
				VALIDATE_PRODUCT = YES;
			};
			name = Release;
		};
		86A60DDD2BCCEE3500496390 /* Debug */ = {
			isa = XCBuildConfiguration;
			baseConfigurationReference = E7F1E460C10294D1303CD2A6 /* Pods-Rabble Hub.debug.xcconfig */;
			buildSettings = {
				ASSETCATALOG_COMPILER_APPICON_NAME = AppIcon;
				ASSETCATALOG_COMPILER_GLOBAL_ACCENT_COLOR_NAME = AccentColor;
				CODE_SIGN_STYLE = Automatic;
				CURRENT_PROJECT_VERSION = 1;
				DEVELOPMENT_TEAM = M463L9U7L5;
				ENABLE_USER_SCRIPT_SANDBOXING = NO;
				GENERATE_INFOPLIST_FILE = YES;
				INFOPLIST_FILE = "Rabble Hub/Info.plist";
				INFOPLIST_KEY_CFBundleDisplayName = "Rabble Hub";
				INFOPLIST_KEY_UIApplicationSupportsIndirectInputEvents = YES;
				INFOPLIST_KEY_UILaunchStoryboardName = LaunchScreen;
				INFOPLIST_KEY_UIMainStoryboardFile = Main;
				INFOPLIST_KEY_UISupportedInterfaceOrientations = UIInterfaceOrientationPortrait;
				INFOPLIST_KEY_UIUserInterfaceStyle = Light;
				IPHONEOS_DEPLOYMENT_TARGET = 13.0;
				LD_RUNPATH_SEARCH_PATHS = (
					"$(inherited)",
					"@executable_path/Frameworks",
				);
				MARKETING_VERSION = 1.0;
				PRODUCT_BUNDLE_IDENTIFIER = "com.postcodecollectiveltd.Rabble-Hub";
				PRODUCT_NAME = "$(TARGET_NAME)";
				SWIFT_EMIT_LOC_STRINGS = YES;
				SWIFT_VERSION = 5.0;
				TARGETED_DEVICE_FAMILY = "1,2";
			};
			name = Debug;
		};
		86A60DDE2BCCEE3500496390 /* Release */ = {
			isa = XCBuildConfiguration;
			baseConfigurationReference = B07752F0C1FC2C9A494FC64B /* Pods-Rabble Hub.release.xcconfig */;
			buildSettings = {
				ASSETCATALOG_COMPILER_APPICON_NAME = AppIcon;
				ASSETCATALOG_COMPILER_GLOBAL_ACCENT_COLOR_NAME = AccentColor;
				CODE_SIGN_STYLE = Automatic;
				CURRENT_PROJECT_VERSION = 1;
				DEVELOPMENT_TEAM = M463L9U7L5;
				ENABLE_USER_SCRIPT_SANDBOXING = NO;
				GENERATE_INFOPLIST_FILE = YES;
				INFOPLIST_FILE = "Rabble Hub/Info.plist";
				INFOPLIST_KEY_CFBundleDisplayName = "Rabble Hub";
				INFOPLIST_KEY_UIApplicationSupportsIndirectInputEvents = YES;
				INFOPLIST_KEY_UILaunchStoryboardName = LaunchScreen;
				INFOPLIST_KEY_UIMainStoryboardFile = Main;
				INFOPLIST_KEY_UISupportedInterfaceOrientations = UIInterfaceOrientationPortrait;
				INFOPLIST_KEY_UIUserInterfaceStyle = Light;
				IPHONEOS_DEPLOYMENT_TARGET = 13.0;
				LD_RUNPATH_SEARCH_PATHS = (
					"$(inherited)",
					"@executable_path/Frameworks",
				);
				MARKETING_VERSION = 1.0;
				PRODUCT_BUNDLE_IDENTIFIER = "com.postcodecollectiveltd.Rabble-Hub";
				PRODUCT_NAME = "$(TARGET_NAME)";
				SWIFT_EMIT_LOC_STRINGS = YES;
				SWIFT_VERSION = 5.0;
				TARGETED_DEVICE_FAMILY = "1,2";
			};
			name = Release;
		};
		86A60DE02BCCEE3500496390 /* Debug */ = {
			isa = XCBuildConfiguration;
			baseConfigurationReference = 086975A3A160FAF3BFD5ED2D /* Pods-Rabble HubTests.debug.xcconfig */;
			buildSettings = {
				ALWAYS_EMBED_SWIFT_STANDARD_LIBRARIES = YES;
				BUNDLE_LOADER = "$(TEST_HOST)";
				CODE_SIGN_STYLE = Automatic;
				CURRENT_PROJECT_VERSION = 1;
				DEVELOPMENT_TEAM = M463L9U7L5;
				GENERATE_INFOPLIST_FILE = YES;
				IPHONEOS_DEPLOYMENT_TARGET = 17.4;
				MARKETING_VERSION = 1.0;
				PRODUCT_BUNDLE_IDENTIFIER = "com.postcodecollectiveltd.Rabble-PartnerTests";
				PRODUCT_NAME = "$(TARGET_NAME)";
				SWIFT_EMIT_LOC_STRINGS = NO;
				SWIFT_VERSION = 5.0;
				TARGETED_DEVICE_FAMILY = "1,2";
				TEST_HOST = "$(BUILT_PRODUCTS_DIR)/Rabble Partner.app/$(BUNDLE_EXECUTABLE_FOLDER_PATH)/Rabble Partner";
			};
			name = Debug;
		};
		86A60DE12BCCEE3500496390 /* Release */ = {
			isa = XCBuildConfiguration;
			baseConfigurationReference = 739F1150616511C46993FEDA /* Pods-Rabble HubTests.release.xcconfig */;
			buildSettings = {
				ALWAYS_EMBED_SWIFT_STANDARD_LIBRARIES = YES;
				BUNDLE_LOADER = "$(TEST_HOST)";
				CODE_SIGN_STYLE = Automatic;
				CURRENT_PROJECT_VERSION = 1;
				DEVELOPMENT_TEAM = M463L9U7L5;
				GENERATE_INFOPLIST_FILE = YES;
				IPHONEOS_DEPLOYMENT_TARGET = 17.4;
				MARKETING_VERSION = 1.0;
				PRODUCT_BUNDLE_IDENTIFIER = "com.postcodecollectiveltd.Rabble-PartnerTests";
				PRODUCT_NAME = "$(TARGET_NAME)";
				SWIFT_EMIT_LOC_STRINGS = NO;
				SWIFT_VERSION = 5.0;
				TARGETED_DEVICE_FAMILY = "1,2";
				TEST_HOST = "$(BUILT_PRODUCTS_DIR)/Rabble Partner.app/$(BUNDLE_EXECUTABLE_FOLDER_PATH)/Rabble Partner";
			};
			name = Release;
		};
		86A60DE32BCCEE3500496390 /* Debug */ = {
			isa = XCBuildConfiguration;
			baseConfigurationReference = 2EDC3540C1B0555762252F08 /* Pods-Rabble Hub-Rabble HubUITests.debug.xcconfig */;
			buildSettings = {
				ALWAYS_EMBED_SWIFT_STANDARD_LIBRARIES = YES;
				CODE_SIGN_STYLE = Automatic;
				CURRENT_PROJECT_VERSION = 1;
				DEVELOPMENT_TEAM = M463L9U7L5;
				GENERATE_INFOPLIST_FILE = YES;
				MARKETING_VERSION = 1.0;
				PRODUCT_BUNDLE_IDENTIFIER = "com.postcodecollectiveltd.Rabble-PartnerUITests";
				PRODUCT_NAME = "$(TARGET_NAME)";
				SWIFT_EMIT_LOC_STRINGS = NO;
				SWIFT_VERSION = 5.0;
				TARGETED_DEVICE_FAMILY = "1,2";
				TEST_TARGET_NAME = "Rabble Partner";
			};
			name = Debug;
		};
		86A60DE42BCCEE3500496390 /* Release */ = {
			isa = XCBuildConfiguration;
			baseConfigurationReference = 5C4B12569FD318D949D2375C /* Pods-Rabble Hub-Rabble HubUITests.release.xcconfig */;
			buildSettings = {
				ALWAYS_EMBED_SWIFT_STANDARD_LIBRARIES = YES;
				CODE_SIGN_STYLE = Automatic;
				CURRENT_PROJECT_VERSION = 1;
				DEVELOPMENT_TEAM = M463L9U7L5;
				GENERATE_INFOPLIST_FILE = YES;
				MARKETING_VERSION = 1.0;
				PRODUCT_BUNDLE_IDENTIFIER = "com.postcodecollectiveltd.Rabble-PartnerUITests";
				PRODUCT_NAME = "$(TARGET_NAME)";
				SWIFT_EMIT_LOC_STRINGS = NO;
				SWIFT_VERSION = 5.0;
				TARGETED_DEVICE_FAMILY = "1,2";
				TEST_TARGET_NAME = "Rabble Partner";
			};
			name = Release;
		};
/* End XCBuildConfiguration section */

/* Begin XCConfigurationList section */
		86A60DAD2BCCEE3200496390 /* Build configuration list for PBXProject "Rabble Hub" */ = {
			isa = XCConfigurationList;
			buildConfigurations = (
				86A60DDA2BCCEE3500496390 /* Debug */,
				86A60DDB2BCCEE3500496390 /* Release */,
			);
			defaultConfigurationIsVisible = 0;
			defaultConfigurationName = Release;
		};
		86A60DDC2BCCEE3500496390 /* Build configuration list for PBXNativeTarget "Rabble Hub" */ = {
			isa = XCConfigurationList;
			buildConfigurations = (
				86A60DDD2BCCEE3500496390 /* Debug */,
				86A60DDE2BCCEE3500496390 /* Release */,
			);
			defaultConfigurationIsVisible = 0;
			defaultConfigurationName = Release;
		};
		86A60DDF2BCCEE3500496390 /* Build configuration list for PBXNativeTarget "Rabble HubTests" */ = {
			isa = XCConfigurationList;
			buildConfigurations = (
				86A60DE02BCCEE3500496390 /* Debug */,
				86A60DE12BCCEE3500496390 /* Release */,
			);
			defaultConfigurationIsVisible = 0;
			defaultConfigurationName = Release;
		};
		86A60DE22BCCEE3500496390 /* Build configuration list for PBXNativeTarget "Rabble HubUITests" */ = {
			isa = XCConfigurationList;
			buildConfigurations = (
				86A60DE32BCCEE3500496390 /* Debug */,
				86A60DE42BCCEE3500496390 /* Release */,
			);
			defaultConfigurationIsVisible = 0;
			defaultConfigurationName = Release;
		};
/* End XCConfigurationList section */
	};
	rootObject = 86A60DAA2BCCEE3200496390 /* Project object */;
}
